// !$*UTF8*$!
{
	archiveVersion = 1;
	classes = {
	};
	objectVersion = 56;
	objects = {

/* Begin PBXBuildFile section */
		3513CD372A7EC660001182A0 /* CharacterDetailViewController.swift in Sources */ = {isa = PBXBuildFile; fileRef = 3513CD362A7EC660001182A0 /* CharacterDetailViewController.swift */; };
		3513CD392A7ECF44001182A0 /* CharacterDetailView.swift in Sources */ = {isa = PBXBuildFile; fileRef = 3513CD382A7ECF43001182A0 /* CharacterDetailView.swift */; };
		3513CD3B2A7ECF58001182A0 /* CharacterDetailViewVM.swift in Sources */ = {isa = PBXBuildFile; fileRef = 3513CD3A2A7ECF58001182A0 /* CharacterDetailViewVM.swift */; };
		3513CD3D2A7ED48C001182A0 /* RMFooterCollectionReusableView.swift in Sources */ = {isa = PBXBuildFile; fileRef = 3513CD3C2A7ED48C001182A0 /* RMFooterCollectionReusableView.swift */; };
		3513CD3F2A7EEA85001182A0 /* RMImageLoader.swift in Sources */ = {isa = PBXBuildFile; fileRef = 3513CD3E2A7EEA85001182A0 /* RMImageLoader.swift */; };
		351648472A815D6300E5515A /* CharacterImageCollectionViewCell.swift in Sources */ = {isa = PBXBuildFile; fileRef = 351648462A815D6300E5515A /* CharacterImageCollectionViewCell.swift */; };
		351648492A815D6F00E5515A /* CharacterInfoCollectionViewCell.swift in Sources */ = {isa = PBXBuildFile; fileRef = 351648482A815D6F00E5515A /* CharacterInfoCollectionViewCell.swift */; };
		3516484B2A815D7C00E5515A /* CharacterEpisodesCollectionViewCell.swift in Sources */ = {isa = PBXBuildFile; fileRef = 3516484A2A815D7C00E5515A /* CharacterEpisodesCollectionViewCell.swift */; };
		3516484F2A815DF100E5515A /* CharacterImageCollectionViewCellVM.swift in Sources */ = {isa = PBXBuildFile; fileRef = 3516484E2A815DF100E5515A /* CharacterImageCollectionViewCellVM.swift */; };
		351648512A815DFF00E5515A /* CharacterInfoCollectionViewCellVM.swift in Sources */ = {isa = PBXBuildFile; fileRef = 351648502A815DFF00E5515A /* CharacterInfoCollectionViewCellVM.swift */; };
		351648532A815E1700E5515A /* CharacterEpisodesCollectionViewCellVM.swift in Sources */ = {isa = PBXBuildFile; fileRef = 351648522A815E1700E5515A /* CharacterEpisodesCollectionViewCellVM.swift */; };
		35496D442A7D4C1D00194761 /* AppDelegate.swift in Sources */ = {isa = PBXBuildFile; fileRef = 35496D432A7D4C1D00194761 /* AppDelegate.swift */; };
		35496D462A7D4C1D00194761 /* SceneDelegate.swift in Sources */ = {isa = PBXBuildFile; fileRef = 35496D452A7D4C1D00194761 /* SceneDelegate.swift */; };
		35496D482A7D4C1D00194761 /* TabViewController.swift in Sources */ = {isa = PBXBuildFile; fileRef = 35496D472A7D4C1D00194761 /* TabViewController.swift */; };
		35496D4D2A7D4C1F00194761 /* Assets.xcassets in Resources */ = {isa = PBXBuildFile; fileRef = 35496D4C2A7D4C1F00194761 /* Assets.xcassets */; };
		35496D502A7D4C1F00194761 /* LaunchScreen.storyboard in Resources */ = {isa = PBXBuildFile; fileRef = 35496D4E2A7D4C1F00194761 /* LaunchScreen.storyboard */; };
		35496D5F2A7D4DFE00194761 /* RMLocation.swift in Sources */ = {isa = PBXBuildFile; fileRef = 35496D5E2A7D4DFE00194761 /* RMLocation.swift */; };
		35496D612A7D4E0E00194761 /* RMCharacter.swift in Sources */ = {isa = PBXBuildFile; fileRef = 35496D602A7D4E0E00194761 /* RMCharacter.swift */; };
		35496D632A7D4E1400194761 /* RMEpisode.swift in Sources */ = {isa = PBXBuildFile; fileRef = 35496D622A7D4E1400194761 /* RMEpisode.swift */; };
		35496D662A7D4EAF00194761 /* CharacterViewController.swift in Sources */ = {isa = PBXBuildFile; fileRef = 35496D652A7D4EAF00194761 /* CharacterViewController.swift */; };
		35496D682A7D4EBE00194761 /* LocationsViewController.swift in Sources */ = {isa = PBXBuildFile; fileRef = 35496D672A7D4EBE00194761 /* LocationsViewController.swift */; };
		35496D6A2A7D4ECA00194761 /* EposidesViewController.swift in Sources */ = {isa = PBXBuildFile; fileRef = 35496D692A7D4ECA00194761 /* EposidesViewController.swift */; };
		35496D6C2A7D4ED200194761 /* SettingsViewController.swift in Sources */ = {isa = PBXBuildFile; fileRef = 35496D6B2A7D4ED200194761 /* SettingsViewController.swift */; };
		35496D6E2A7D597F00194761 /* RMService.swift in Sources */ = {isa = PBXBuildFile; fileRef = 35496D6D2A7D597F00194761 /* RMService.swift */; };
		35496D702A7D598B00194761 /* RMRequest.swift in Sources */ = {isa = PBXBuildFile; fileRef = 35496D6F2A7D598B00194761 /* RMRequest.swift */; };
		35496D722A7D5A1C00194761 /* RMEndpoint.swift in Sources */ = {isa = PBXBuildFile; fileRef = 35496D712A7D5A1C00194761 /* RMEndpoint.swift */; };
		35496D742A7DAF6E00194761 /* RMCharacterResponse.swift in Sources */ = {isa = PBXBuildFile; fileRef = 35496D732A7DAF6E00194761 /* RMCharacterResponse.swift */; };
		35496D772A7DB0E400194761 /* CharacterListViewVM.swift in Sources */ = {isa = PBXBuildFile; fileRef = 35496D762A7DB0E400194761 /* CharacterListViewVM.swift */; };
		35496D792A7DB17300194761 /* CharacterListView.swift in Sources */ = {isa = PBXBuildFile; fileRef = 35496D782A7DB17300194761 /* CharacterListView.swift */; };
		35496D7C2A7DB1E000194761 /* SnapKit in Frameworks */ = {isa = PBXBuildFile; productRef = 35496D7B2A7DB1E000194761 /* SnapKit */; };
		35496D7E2A7DB6AA00194761 /* Extensions.swift in Sources */ = {isa = PBXBuildFile; fileRef = 35496D7D2A7DB6AA00194761 /* Extensions.swift */; };
		35496D802A7DBBAA00194761 /* CharacterCollectionViewCell.swift in Sources */ = {isa = PBXBuildFile; fileRef = 35496D7F2A7DBBAA00194761 /* CharacterCollectionViewCell.swift */; };
		35496D822A7DBC8A00194761 /* CharacterCollectionViewCellVM.swift in Sources */ = {isa = PBXBuildFile; fileRef = 35496D812A7DBC8A00194761 /* CharacterCollectionViewCellVM.swift */; };
/* End PBXBuildFile section */

/* Begin PBXFileReference section */
		3513CD362A7EC660001182A0 /* CharacterDetailViewController.swift */ = {isa = PBXFileReference; lastKnownFileType = sourcecode.swift; path = CharacterDetailViewController.swift; sourceTree = "<group>"; };
		3513CD382A7ECF43001182A0 /* CharacterDetailView.swift */ = {isa = PBXFileReference; lastKnownFileType = sourcecode.swift; path = CharacterDetailView.swift; sourceTree = "<group>"; };
		3513CD3A2A7ECF58001182A0 /* CharacterDetailViewVM.swift */ = {isa = PBXFileReference; lastKnownFileType = sourcecode.swift; path = CharacterDetailViewVM.swift; sourceTree = "<group>"; };
		3513CD3C2A7ED48C001182A0 /* RMFooterCollectionReusableView.swift */ = {isa = PBXFileReference; lastKnownFileType = sourcecode.swift; path = RMFooterCollectionReusableView.swift; sourceTree = "<group>"; };
		3513CD3E2A7EEA85001182A0 /* RMImageLoader.swift */ = {isa = PBXFileReference; lastKnownFileType = sourcecode.swift; path = RMImageLoader.swift; sourceTree = "<group>"; };
		351648462A815D6300E5515A /* CharacterImageCollectionViewCell.swift */ = {isa = PBXFileReference; lastKnownFileType = sourcecode.swift; path = CharacterImageCollectionViewCell.swift; sourceTree = "<group>"; };
		351648482A815D6F00E5515A /* CharacterInfoCollectionViewCell.swift */ = {isa = PBXFileReference; lastKnownFileType = sourcecode.swift; path = CharacterInfoCollectionViewCell.swift; sourceTree = "<group>"; };
		3516484A2A815D7C00E5515A /* CharacterEpisodesCollectionViewCell.swift */ = {isa = PBXFileReference; lastKnownFileType = sourcecode.swift; path = CharacterEpisodesCollectionViewCell.swift; sourceTree = "<group>"; };
		3516484E2A815DF100E5515A /* CharacterImageCollectionViewCellVM.swift */ = {isa = PBXFileReference; lastKnownFileType = sourcecode.swift; path = CharacterImageCollectionViewCellVM.swift; sourceTree = "<group>"; };
		351648502A815DFF00E5515A /* CharacterInfoCollectionViewCellVM.swift */ = {isa = PBXFileReference; lastKnownFileType = sourcecode.swift; path = CharacterInfoCollectionViewCellVM.swift; sourceTree = "<group>"; };
		351648522A815E1700E5515A /* CharacterEpisodesCollectionViewCellVM.swift */ = {isa = PBXFileReference; lastKnownFileType = sourcecode.swift; path = CharacterEpisodesCollectionViewCellVM.swift; sourceTree = "<group>"; };
		35496D402A7D4C1D00194761 /* RickMorty.app */ = {isa = PBXFileReference; explicitFileType = wrapper.application; includeInIndex = 0; path = RickMorty.app; sourceTree = BUILT_PRODUCTS_DIR; };
		35496D432A7D4C1D00194761 /* AppDelegate.swift */ = {isa = PBXFileReference; lastKnownFileType = sourcecode.swift; path = AppDelegate.swift; sourceTree = "<group>"; };
		35496D452A7D4C1D00194761 /* SceneDelegate.swift */ = {isa = PBXFileReference; lastKnownFileType = sourcecode.swift; path = SceneDelegate.swift; sourceTree = "<group>"; };
		35496D472A7D4C1D00194761 /* TabViewController.swift */ = {isa = PBXFileReference; lastKnownFileType = sourcecode.swift; path = TabViewController.swift; sourceTree = "<group>"; };
		35496D4C2A7D4C1F00194761 /* Assets.xcassets */ = {isa = PBXFileReference; lastKnownFileType = folder.assetcatalog; path = Assets.xcassets; sourceTree = "<group>"; };
		35496D4F2A7D4C1F00194761 /* Base */ = {isa = PBXFileReference; lastKnownFileType = file.storyboard; name = Base; path = Base.lproj/LaunchScreen.storyboard; sourceTree = "<group>"; };
		35496D512A7D4C1F00194761 /* Info.plist */ = {isa = PBXFileReference; lastKnownFileType = text.plist.xml; path = Info.plist; sourceTree = "<group>"; };
		35496D5E2A7D4DFE00194761 /* RMLocation.swift */ = {isa = PBXFileReference; lastKnownFileType = sourcecode.swift; path = RMLocation.swift; sourceTree = "<group>"; };
		35496D602A7D4E0E00194761 /* RMCharacter.swift */ = {isa = PBXFileReference; lastKnownFileType = sourcecode.swift; path = RMCharacter.swift; sourceTree = "<group>"; };
		35496D622A7D4E1400194761 /* RMEpisode.swift */ = {isa = PBXFileReference; lastKnownFileType = sourcecode.swift; path = RMEpisode.swift; sourceTree = "<group>"; };
		35496D652A7D4EAF00194761 /* CharacterViewController.swift */ = {isa = PBXFileReference; lastKnownFileType = sourcecode.swift; path = CharacterViewController.swift; sourceTree = "<group>"; };
		35496D672A7D4EBE00194761 /* LocationsViewController.swift */ = {isa = PBXFileReference; lastKnownFileType = sourcecode.swift; path = LocationsViewController.swift; sourceTree = "<group>"; };
		35496D692A7D4ECA00194761 /* EposidesViewController.swift */ = {isa = PBXFileReference; lastKnownFileType = sourcecode.swift; path = EposidesViewController.swift; sourceTree = "<group>"; };
		35496D6B2A7D4ED200194761 /* SettingsViewController.swift */ = {isa = PBXFileReference; lastKnownFileType = sourcecode.swift; path = SettingsViewController.swift; sourceTree = "<group>"; };
		35496D6D2A7D597F00194761 /* RMService.swift */ = {isa = PBXFileReference; lastKnownFileType = sourcecode.swift; path = RMService.swift; sourceTree = "<group>"; };
		35496D6F2A7D598B00194761 /* RMRequest.swift */ = {isa = PBXFileReference; lastKnownFileType = sourcecode.swift; path = RMRequest.swift; sourceTree = "<group>"; };
		35496D712A7D5A1C00194761 /* RMEndpoint.swift */ = {isa = PBXFileReference; lastKnownFileType = sourcecode.swift; path = RMEndpoint.swift; sourceTree = "<group>"; };
		35496D732A7DAF6E00194761 /* RMCharacterResponse.swift */ = {isa = PBXFileReference; lastKnownFileType = sourcecode.swift; path = RMCharacterResponse.swift; sourceTree = "<group>"; };
		35496D762A7DB0E400194761 /* CharacterListViewVM.swift */ = {isa = PBXFileReference; lastKnownFileType = sourcecode.swift; path = CharacterListViewVM.swift; sourceTree = "<group>"; };
		35496D782A7DB17300194761 /* CharacterListView.swift */ = {isa = PBXFileReference; lastKnownFileType = sourcecode.swift; path = CharacterListView.swift; sourceTree = "<group>"; };
		35496D7D2A7DB6AA00194761 /* Extensions.swift */ = {isa = PBXFileReference; lastKnownFileType = sourcecode.swift; path = Extensions.swift; sourceTree = "<group>"; };
		35496D7F2A7DBBAA00194761 /* CharacterCollectionViewCell.swift */ = {isa = PBXFileReference; lastKnownFileType = sourcecode.swift; path = CharacterCollectionViewCell.swift; sourceTree = "<group>"; };
		35496D812A7DBC8A00194761 /* CharacterCollectionViewCellVM.swift */ = {isa = PBXFileReference; lastKnownFileType = sourcecode.swift; path = CharacterCollectionViewCellVM.swift; sourceTree = "<group>"; };
/* End PBXFileReference section */

/* Begin PBXFrameworksBuildPhase section */
		35496D3D2A7D4C1D00194761 /* Frameworks */ = {
			isa = PBXFrameworksBuildPhase;
			buildActionMask = 2147483647;
			files = (
				35496D7C2A7DB1E000194761 /* SnapKit in Frameworks */,
			);
			runOnlyForDeploymentPostprocessing = 0;
		};
/* End PBXFrameworksBuildPhase section */

/* Begin PBXGroup section */
		3513CD352A7EC64D001182A0 /* Other */ = {
			isa = PBXGroup;
			children = (
				3513CD362A7EC660001182A0 /* CharacterDetailViewController.swift */,
			);
			path = Other;
			sourceTree = "<group>";
		};
		3513CD402A7F172B001182A0 /* DetailsView */ = {
			isa = PBXGroup;
			children = (
				3516484C2A815D7F00E5515A /* Cells */,
				3513CD382A7ECF43001182A0 /* CharacterDetailView.swift */,
			);
			path = DetailsView;
			sourceTree = "<group>";
		};
		3513CD412A7F1734001182A0 /* CharactersView */ = {
			isa = PBXGroup;
			children = (
				35496D782A7DB17300194761 /* CharacterListView.swift */,
			);
			path = CharactersView;
			sourceTree = "<group>";
		};
		3513CD422A7F1743001182A0 /* Cells */ = {
			isa = PBXGroup;
			children = (
				35496D7F2A7DBBAA00194761 /* CharacterCollectionViewCell.swift */,
			);
			path = Cells;
			sourceTree = "<group>";
		};
		3513CD432A7F1750001182A0 /* Other */ = {
			isa = PBXGroup;
			children = (
				3513CD3C2A7ED48C001182A0 /* RMFooterCollectionReusableView.swift */,
			);
			path = Other;
			sourceTree = "<group>";
		};
		3516484C2A815D7F00E5515A /* Cells */ = {
			isa = PBXGroup;
			children = (
				351648462A815D6300E5515A /* CharacterImageCollectionViewCell.swift */,
				351648482A815D6F00E5515A /* CharacterInfoCollectionViewCell.swift */,
				3516484A2A815D7C00E5515A /* CharacterEpisodesCollectionViewCell.swift */,
			);
			path = Cells;
			sourceTree = "<group>";
		};
		3516484D2A815DD800E5515A /* DetailView */ = {
			isa = PBXGroup;
			children = (
				3513CD3A2A7ECF58001182A0 /* CharacterDetailViewVM.swift */,
				3516484E2A815DF100E5515A /* CharacterImageCollectionViewCellVM.swift */,
				351648502A815DFF00E5515A /* CharacterInfoCollectionViewCellVM.swift */,
				351648522A815E1700E5515A /* CharacterEpisodesCollectionViewCellVM.swift */,
			);
			path = DetailView;
			sourceTree = "<group>";
		};
		35496D372A7D4C1D00194761 = {
			isa = PBXGroup;
			children = (
				35496D422A7D4C1D00194761 /* RickMorty */,
				35496D412A7D4C1D00194761 /* Products */,
			);
			sourceTree = "<group>";
		};
		35496D412A7D4C1D00194761 /* Products */ = {
			isa = PBXGroup;
			children = (
				35496D402A7D4C1D00194761 /* RickMorty.app */,
			);
			name = Products;
			sourceTree = "<group>";
		};
		35496D422A7D4C1D00194761 /* RickMorty */ = {
			isa = PBXGroup;
			children = (
				35496D5D2A7D4D9900194761 /* Resources */,
				35496D5C2A7D4D8B00194761 /* API */,
				35496D5B2A7D4D8400194761 /* Managers */,
				35496D5A2A7D4D7A00194761 /* ViewModels */,
				35496D592A7D4D7500194761 /* Views */,
				35496D582A7D4D7100194761 /* Models */,
				35496D572A7D4D6500194761 /* Controllers */,
				35496D4C2A7D4C1F00194761 /* Assets.xcassets */,
				35496D4E2A7D4C1F00194761 /* LaunchScreen.storyboard */,
				35496D512A7D4C1F00194761 /* Info.plist */,
			);
			path = RickMorty;
			sourceTree = "<group>";
		};
		35496D572A7D4D6500194761 /* Controllers */ = {
			isa = PBXGroup;
			children = (
				3513CD352A7EC64D001182A0 /* Other */,
				35496D642A7D4E8400194761 /* Core */,
			);
			path = Controllers;
			sourceTree = "<group>";
		};
		35496D582A7D4D7100194761 /* Models */ = {
			isa = PBXGroup;
			children = (
				35496D752A7DAF7D00194761 /* Responses */,
				35496D5E2A7D4DFE00194761 /* RMLocation.swift */,
				35496D602A7D4E0E00194761 /* RMCharacter.swift */,
				35496D622A7D4E1400194761 /* RMEpisode.swift */,
			);
			path = Models;
			sourceTree = "<group>";
		};
		35496D592A7D4D7500194761 /* Views */ = {
			isa = PBXGroup;
			children = (
				3513CD432A7F1750001182A0 /* Other */,
				3513CD422A7F1743001182A0 /* Cells */,
				3513CD412A7F1734001182A0 /* CharactersView */,
				3513CD402A7F172B001182A0 /* DetailsView */,
			);
			path = Views;
			sourceTree = "<group>";
		};
		35496D5A2A7D4D7A00194761 /* ViewModels */ = {
			isa = PBXGroup;
			children = (
				3516484D2A815DD800E5515A /* DetailView */,
				35496D762A7DB0E400194761 /* CharacterListViewVM.swift */,
				35496D812A7DBC8A00194761 /* CharacterCollectionViewCellVM.swift */,
			);
			path = ViewModels;
			sourceTree = "<group>";
		};
		35496D5B2A7D4D8400194761 /* Managers */ = {
			isa = PBXGroup;
			children = (
				3513CD3E2A7EEA85001182A0 /* RMImageLoader.swift */,
			);
			path = Managers;
			sourceTree = "<group>";
		};
		35496D5C2A7D4D8B00194761 /* API */ = {
			isa = PBXGroup;
			children = (
				35496D6D2A7D597F00194761 /* RMService.swift */,
				35496D6F2A7D598B00194761 /* RMRequest.swift */,
				35496D712A7D5A1C00194761 /* RMEndpoint.swift */,
			);
			path = API;
			sourceTree = "<group>";
		};
		35496D5D2A7D4D9900194761 /* Resources */ = {
			isa = PBXGroup;
			children = (
				35496D432A7D4C1D00194761 /* AppDelegate.swift */,
				35496D452A7D4C1D00194761 /* SceneDelegate.swift */,
				35496D7D2A7DB6AA00194761 /* Extensions.swift */,
			);
			path = Resources;
			sourceTree = "<group>";
		};
		35496D642A7D4E8400194761 /* Core */ = {
			isa = PBXGroup;
			children = (
				35496D472A7D4C1D00194761 /* TabViewController.swift */,
				35496D652A7D4EAF00194761 /* CharacterViewController.swift */,
				35496D672A7D4EBE00194761 /* LocationsViewController.swift */,
				35496D692A7D4ECA00194761 /* EposidesViewController.swift */,
				35496D6B2A7D4ED200194761 /* SettingsViewController.swift */,
			);
			path = Core;
			sourceTree = "<group>";
		};
		35496D752A7DAF7D00194761 /* Responses */ = {
			isa = PBXGroup;
			children = (
				35496D732A7DAF6E00194761 /* RMCharacterResponse.swift */,
			);
			path = Responses;
			sourceTree = "<group>";
		};
/* End PBXGroup section */

/* Begin PBXNativeTarget section */
		35496D3F2A7D4C1D00194761 /* RickMorty */ = {
			isa = PBXNativeTarget;
			buildConfigurationList = 35496D542A7D4C1F00194761 /* Build configuration list for PBXNativeTarget "RickMorty" */;
			buildPhases = (
				35496D3C2A7D4C1D00194761 /* Sources */,
				35496D3D2A7D4C1D00194761 /* Frameworks */,
				35496D3E2A7D4C1D00194761 /* Resources */,
			);
			buildRules = (
			);
			dependencies = (
			);
			name = RickMorty;
			packageProductDependencies = (
				35496D7B2A7DB1E000194761 /* SnapKit */,
			);
			productName = RickMorty;
			productReference = 35496D402A7D4C1D00194761 /* RickMorty.app */;
			productType = "com.apple.product-type.application";
		};
/* End PBXNativeTarget section */

/* Begin PBXProject section */
		35496D382A7D4C1D00194761 /* Project object */ = {
			isa = PBXProject;
			attributes = {
				BuildIndependentTargetsInParallel = 1;
				LastSwiftUpdateCheck = 1430;
				LastUpgradeCheck = 1430;
				TargetAttributes = {
					35496D3F2A7D4C1D00194761 = {
						CreatedOnToolsVersion = 14.3;
					};
				};
			};
			buildConfigurationList = 35496D3B2A7D4C1D00194761 /* Build configuration list for PBXProject "RickMorty" */;
			compatibilityVersion = "Xcode 14.0";
			developmentRegion = en;
			hasScannedForEncodings = 0;
			knownRegions = (
				en,
				Base,
			);
			mainGroup = 35496D372A7D4C1D00194761;
			packageReferences = (
				35496D7A2A7DB1E000194761 /* XCRemoteSwiftPackageReference "SnapKit" */,
			);
			productRefGroup = 35496D412A7D4C1D00194761 /* Products */;
			projectDirPath = "";
			projectRoot = "";
			targets = (
				35496D3F2A7D4C1D00194761 /* RickMorty */,
			);
		};
/* End PBXProject section */

/* Begin PBXResourcesBuildPhase section */
		35496D3E2A7D4C1D00194761 /* Resources */ = {
			isa = PBXResourcesBuildPhase;
			buildActionMask = 2147483647;
			files = (
				35496D502A7D4C1F00194761 /* LaunchScreen.storyboard in Resources */,
				35496D4D2A7D4C1F00194761 /* Assets.xcassets in Resources */,
			);
			runOnlyForDeploymentPostprocessing = 0;
		};
/* End PBXResourcesBuildPhase section */

/* Begin PBXSourcesBuildPhase section */
		35496D3C2A7D4C1D00194761 /* Sources */ = {
			isa = PBXSourcesBuildPhase;
			buildActionMask = 2147483647;
			files = (
				35496D632A7D4E1400194761 /* RMEpisode.swift in Sources */,
				35496D822A7DBC8A00194761 /* CharacterCollectionViewCellVM.swift in Sources */,
				35496D6A2A7D4ECA00194761 /* EposidesViewController.swift in Sources */,
				3513CD392A7ECF44001182A0 /* CharacterDetailView.swift in Sources */,
				35496D482A7D4C1D00194761 /* TabViewController.swift in Sources */,
				3516484F2A815DF100E5515A /* CharacterImageCollectionViewCellVM.swift in Sources */,
				35496D6C2A7D4ED200194761 /* SettingsViewController.swift in Sources */,
				351648532A815E1700E5515A /* CharacterEpisodesCollectionViewCellVM.swift in Sources */,
				3513CD372A7EC660001182A0 /* CharacterDetailViewController.swift in Sources */,
				3513CD3B2A7ECF58001182A0 /* CharacterDetailViewVM.swift in Sources */,
				35496D662A7D4EAF00194761 /* CharacterViewController.swift in Sources */,
				351648472A815D6300E5515A /* CharacterImageCollectionViewCell.swift in Sources */,
				35496D742A7DAF6E00194761 /* RMCharacterResponse.swift in Sources */,
				35496D792A7DB17300194761 /* CharacterListView.swift in Sources */,
				3513CD3D2A7ED48C001182A0 /* RMFooterCollectionReusableView.swift in Sources */,
				35496D682A7D4EBE00194761 /* LocationsViewController.swift in Sources */,
				3516484B2A815D7C00E5515A /* CharacterEpisodesCollectionViewCell.swift in Sources */,
				35496D442A7D4C1D00194761 /* AppDelegate.swift in Sources */,
				3513CD3F2A7EEA85001182A0 /* RMImageLoader.swift in Sources */,
				35496D6E2A7D597F00194761 /* RMService.swift in Sources */,
				351648492A815D6F00E5515A /* CharacterInfoCollectionViewCell.swift in Sources */,
				35496D772A7DB0E400194761 /* CharacterListViewVM.swift in Sources */,
				35496D462A7D4C1D00194761 /* SceneDelegate.swift in Sources */,
				35496D802A7DBBAA00194761 /* CharacterCollectionViewCell.swift in Sources */,
				35496D722A7D5A1C00194761 /* RMEndpoint.swift in Sources */,
				35496D5F2A7D4DFE00194761 /* RMLocation.swift in Sources */,
				35496D7E2A7DB6AA00194761 /* Extensions.swift in Sources */,
				35496D702A7D598B00194761 /* RMRequest.swift in Sources */,
				351648512A815DFF00E5515A /* CharacterInfoCollectionViewCellVM.swift in Sources */,
				35496D612A7D4E0E00194761 /* RMCharacter.swift in Sources */,
			);
			runOnlyForDeploymentPostprocessing = 0;
		};
/* End PBXSourcesBuildPhase section */

/* Begin PBXVariantGroup section */
		35496D4E2A7D4C1F00194761 /* LaunchScreen.storyboard */ = {
			isa = PBXVariantGroup;
			children = (
				35496D4F2A7D4C1F00194761 /* Base */,
			);
			name = LaunchScreen.storyboard;
			sourceTree = "<group>";
		};
/* End PBXVariantGroup section */

/* Begin XCBuildConfiguration section */
		35496D522A7D4C1F00194761 /* Debug */ = {
			isa = XCBuildConfiguration;
			buildSettings = {
				ALWAYS_SEARCH_USER_PATHS = NO;
				CLANG_ANALYZER_NONNULL = YES;
				CLANG_ANALYZER_NUMBER_OBJECT_CONVERSION = YES_AGGRESSIVE;
				CLANG_CXX_LANGUAGE_STANDARD = "gnu++20";
				CLANG_ENABLE_MODULES = YES;
				CLANG_ENABLE_OBJC_ARC = YES;
				CLANG_ENABLE_OBJC_WEAK = YES;
				CLANG_WARN_BLOCK_CAPTURE_AUTORELEASING = YES;
				CLANG_WARN_BOOL_CONVERSION = YES;
				CLANG_WARN_COMMA = YES;
				CLANG_WARN_CONSTANT_CONVERSION = YES;
				CLANG_WARN_DEPRECATED_OBJC_IMPLEMENTATIONS = YES;
				CLANG_WARN_DIRECT_OBJC_ISA_USAGE = YES_ERROR;
				CLANG_WARN_DOCUMENTATION_COMMENTS = YES;
				CLANG_WARN_EMPTY_BODY = YES;
				CLANG_WARN_ENUM_CONVERSION = YES;
				CLANG_WARN_INFINITE_RECURSION = YES;
				CLANG_WARN_INT_CONVERSION = YES;
				CLANG_WARN_NON_LITERAL_NULL_CONVERSION = YES;
				CLANG_WARN_OBJC_IMPLICIT_RETAIN_SELF = YES;
				CLANG_WARN_OBJC_LITERAL_CONVERSION = YES;
				CLANG_WARN_OBJC_ROOT_CLASS = YES_ERROR;
				CLANG_WARN_QUOTED_INCLUDE_IN_FRAMEWORK_HEADER = YES;
				CLANG_WARN_RANGE_LOOP_ANALYSIS = YES;
				CLANG_WARN_STRICT_PROTOTYPES = YES;
				CLANG_WARN_SUSPICIOUS_MOVE = YES;
				CLANG_WARN_UNGUARDED_AVAILABILITY = YES_AGGRESSIVE;
				CLANG_WARN_UNREACHABLE_CODE = YES;
				CLANG_WARN__DUPLICATE_METHOD_MATCH = YES;
				COPY_PHASE_STRIP = NO;
				DEBUG_INFORMATION_FORMAT = dwarf;
				ENABLE_STRICT_OBJC_MSGSEND = YES;
				ENABLE_TESTABILITY = YES;
				GCC_C_LANGUAGE_STANDARD = gnu11;
				GCC_DYNAMIC_NO_PIC = NO;
				GCC_NO_COMMON_BLOCKS = YES;
				GCC_OPTIMIZATION_LEVEL = 0;
				GCC_PREPROCESSOR_DEFINITIONS = (
					"DEBUG=1",
					"$(inherited)",
				);
				GCC_WARN_64_TO_32_BIT_CONVERSION = YES;
				GCC_WARN_ABOUT_RETURN_TYPE = YES_ERROR;
				GCC_WARN_UNDECLARED_SELECTOR = YES;
				GCC_WARN_UNINITIALIZED_AUTOS = YES_AGGRESSIVE;
				GCC_WARN_UNUSED_FUNCTION = YES;
				GCC_WARN_UNUSED_VARIABLE = YES;
				IPHONEOS_DEPLOYMENT_TARGET = 16.4;
				MTL_ENABLE_DEBUG_INFO = INCLUDE_SOURCE;
				MTL_FAST_MATH = YES;
				ONLY_ACTIVE_ARCH = YES;
				SDKROOT = iphoneos;
				SWIFT_ACTIVE_COMPILATION_CONDITIONS = DEBUG;
				SWIFT_OPTIMIZATION_LEVEL = "-Onone";
			};
			name = Debug;
		};
		35496D532A7D4C1F00194761 /* Release */ = {
			isa = XCBuildConfiguration;
			buildSettings = {
				ALWAYS_SEARCH_USER_PATHS = NO;
				CLANG_ANALYZER_NONNULL = YES;
				CLANG_ANALYZER_NUMBER_OBJECT_CONVERSION = YES_AGGRESSIVE;
				CLANG_CXX_LANGUAGE_STANDARD = "gnu++20";
				CLANG_ENABLE_MODULES = YES;
				CLANG_ENABLE_OBJC_ARC = YES;
				CLANG_ENABLE_OBJC_WEAK = YES;
				CLANG_WARN_BLOCK_CAPTURE_AUTORELEASING = YES;
				CLANG_WARN_BOOL_CONVERSION = YES;
				CLANG_WARN_COMMA = YES;
				CLANG_WARN_CONSTANT_CONVERSION = YES;
				CLANG_WARN_DEPRECATED_OBJC_IMPLEMENTATIONS = YES;
				CLANG_WARN_DIRECT_OBJC_ISA_USAGE = YES_ERROR;
				CLANG_WARN_DOCUMENTATION_COMMENTS = YES;
				CLANG_WARN_EMPTY_BODY = YES;
				CLANG_WARN_ENUM_CONVERSION = YES;
				CLANG_WARN_INFINITE_RECURSION = YES;
				CLANG_WARN_INT_CONVERSION = YES;
				CLANG_WARN_NON_LITERAL_NULL_CONVERSION = YES;
				CLANG_WARN_OBJC_IMPLICIT_RETAIN_SELF = YES;
				CLANG_WARN_OBJC_LITERAL_CONVERSION = YES;
				CLANG_WARN_OBJC_ROOT_CLASS = YES_ERROR;
				CLANG_WARN_QUOTED_INCLUDE_IN_FRAMEWORK_HEADER = YES;
				CLANG_WARN_RANGE_LOOP_ANALYSIS = YES;
				CLANG_WARN_STRICT_PROTOTYPES = YES;
				CLANG_WARN_SUSPICIOUS_MOVE = YES;
				CLANG_WARN_UNGUARDED_AVAILABILITY = YES_AGGRESSIVE;
				CLANG_WARN_UNREACHABLE_CODE = YES;
				CLANG_WARN__DUPLICATE_METHOD_MATCH = YES;
				COPY_PHASE_STRIP = NO;
				DEBUG_INFORMATION_FORMAT = "dwarf-with-dsym";
				ENABLE_NS_ASSERTIONS = NO;
				ENABLE_STRICT_OBJC_MSGSEND = YES;
				GCC_C_LANGUAGE_STANDARD = gnu11;
				GCC_NO_COMMON_BLOCKS = YES;
				GCC_WARN_64_TO_32_BIT_CONVERSION = YES;
				GCC_WARN_ABOUT_RETURN_TYPE = YES_ERROR;
				GCC_WARN_UNDECLARED_SELECTOR = YES;
				GCC_WARN_UNINITIALIZED_AUTOS = YES_AGGRESSIVE;
				GCC_WARN_UNUSED_FUNCTION = YES;
				GCC_WARN_UNUSED_VARIABLE = YES;
				IPHONEOS_DEPLOYMENT_TARGET = 16.4;
				MTL_ENABLE_DEBUG_INFO = NO;
				MTL_FAST_MATH = YES;
				SDKROOT = iphoneos;
				SWIFT_COMPILATION_MODE = wholemodule;
				SWIFT_OPTIMIZATION_LEVEL = "-O";
				VALIDATE_PRODUCT = YES;
			};
			name = Release;
		};
		35496D552A7D4C1F00194761 /* Debug */ = {
			isa = XCBuildConfiguration;
			buildSettings = {
				ASSETCATALOG_COMPILER_APPICON_NAME = AppIcon;
				ASSETCATALOG_COMPILER_GLOBAL_ACCENT_COLOR_NAME = AccentColor;
				CODE_SIGN_STYLE = Automatic;
				CURRENT_PROJECT_VERSION = 1;
				DEVELOPMENT_TEAM = 9S2MZXD36G;
				GENERATE_INFOPLIST_FILE = YES;
				INFOPLIST_FILE = RickMorty/Info.plist;
				INFOPLIST_KEY_UIApplicationSupportsIndirectInputEvents = YES;
				INFOPLIST_KEY_UILaunchStoryboardName = LaunchScreen;
				INFOPLIST_KEY_UISupportedInterfaceOrientations = UIInterfaceOrientationPortrait;
				INFOPLIST_KEY_UISupportedInterfaceOrientations_iPad = "UIInterfaceOrientationLandscapeLeft UIInterfaceOrientationLandscapeRight UIInterfaceOrientationPortrait UIInterfaceOrientationPortraitUpsideDown";
				LD_RUNPATH_SEARCH_PATHS = (
					"$(inherited)",
					"@executable_path/Frameworks",
				);
				MARKETING_VERSION = 1.0;
				PRODUCT_BUNDLE_IDENTIFIER = com.MKM.RickMorty;
				PRODUCT_NAME = "$(TARGET_NAME)";
				SUPPORTED_PLATFORMS = "iphoneos iphonesimulator";
				SUPPORTS_MACCATALYST = NO;
				SUPPORTS_MAC_DESIGNED_FOR_IPHONE_IPAD = NO;
				SWIFT_EMIT_LOC_STRINGS = YES;
				SWIFT_VERSION = 5.0;
				TARGETED_DEVICE_FAMILY = 1;
			};
			name = Debug;
		};
		35496D562A7D4C1F00194761 /* Release */ = {
			isa = XCBuildConfiguration;
			buildSettings = {
				ASSETCATALOG_COMPILER_APPICON_NAME = AppIcon;
				ASSETCATALOG_COMPILER_GLOBAL_ACCENT_COLOR_NAME = AccentColor;
				CODE_SIGN_STYLE = Automatic;
				CURRENT_PROJECT_VERSION = 1;
				DEVELOPMENT_TEAM = 9S2MZXD36G;
				GENERATE_INFOPLIST_FILE = YES;
				INFOPLIST_FILE = RickMorty/Info.plist;
				INFOPLIST_KEY_UIApplicationSupportsIndirectInputEvents = YES;
				INFOPLIST_KEY_UILaunchStoryboardName = LaunchScreen;
				INFOPLIST_KEY_UISupportedInterfaceOrientations = UIInterfaceOrientationPortrait;
				INFOPLIST_KEY_UISupportedInterfaceOrientations_iPad = "UIInterfaceOrientationLandscapeLeft UIInterfaceOrientationLandscapeRight UIInterfaceOrientationPortrait UIInterfaceOrientationPortraitUpsideDown";
				LD_RUNPATH_SEARCH_PATHS = (
					"$(inherited)",
					"@executable_path/Frameworks",
				);
				MARKETING_VERSION = 1.0;
				PRODUCT_BUNDLE_IDENTIFIER = com.MKM.RickMorty;
				PRODUCT_NAME = "$(TARGET_NAME)";
				SUPPORTED_PLATFORMS = "iphoneos iphonesimulator";
				SUPPORTS_MACCATALYST = NO;
				SUPPORTS_MAC_DESIGNED_FOR_IPHONE_IPAD = NO;
				SWIFT_EMIT_LOC_STRINGS = YES;
				SWIFT_VERSION = 5.0;
				TARGETED_DEVICE_FAMILY = 1;
			};
			name = Release;
		};
/* End XCBuildConfiguration section */

/* Begin XCConfigurationList section */
		35496D3B2A7D4C1D00194761 /* Build configuration list for PBXProject "RickMorty" */ = {
			isa = XCConfigurationList;
			buildConfigurations = (
				35496D522A7D4C1F00194761 /* Debug */,
				35496D532A7D4C1F00194761 /* Release */,
			);
			defaultConfigurationIsVisible = 0;
			defaultConfigurationName = Release;
		};
		35496D542A7D4C1F00194761 /* Build configuration list for PBXNativeTarget "RickMorty" */ = {
			isa = XCConfigurationList;
			buildConfigurations = (
				35496D552A7D4C1F00194761 /* Debug */,
				35496D562A7D4C1F00194761 /* Release */,
			);
			defaultConfigurationIsVisible = 0;
			defaultConfigurationName = Release;
		};
/* End XCConfigurationList section */

/* Begin XCRemoteSwiftPackageReference section */
		35496D7A2A7DB1E000194761 /* XCRemoteSwiftPackageReference "SnapKit" */ = {
			isa = XCRemoteSwiftPackageReference;
			repositoryURL = "https://github.com/SnapKit/SnapKit";
			requirement = {
				kind = upToNextMajorVersion;
				minimumVersion = 5.0.0;
			};
		};
/* End XCRemoteSwiftPackageReference section */

/* Begin XCSwiftPackageProductDependency section */
		35496D7B2A7DB1E000194761 /* SnapKit */ = {
			isa = XCSwiftPackageProductDependency;
			package = 35496D7A2A7DB1E000194761 /* XCRemoteSwiftPackageReference "SnapKit" */;
			productName = SnapKit;
		};
/* End XCSwiftPackageProductDependency section */
	};
	rootObject = 35496D382A7D4C1D00194761 /* Project object */;
}
